// !$*UTF8*$!
{
	archiveVersion = 1;
	classes = {
	};
	objectVersion = 50;
	objects = {

/* Begin PBXBuildFile section */
		4039CE042481DF5C004DA41F /* CanvasView.swift in Sources */ = {isa = PBXBuildFile; fileRef = 4039CE032481DF5C004DA41F /* CanvasView.swift */; };
		4039CE062481E553004DA41F /* Meme.swift in Sources */ = {isa = PBXBuildFile; fileRef = 4039CE052481E553004DA41F /* Meme.swift */; };
		4039CE0C248205D4004DA41F /* StyleGuide.swift in Sources */ = {isa = PBXBuildFile; fileRef = 4039CE0B248205D4004DA41F /* StyleGuide.swift */; };
		4039CE132482067E004DA41F /* MemeThingButton.swift in Sources */ = {isa = PBXBuildFile; fileRef = 4039CE122482067E004DA41F /* MemeThingButton.swift */; };
		4039CE1724820B5D004DA41F /* MemeThingLabel.swift in Sources */ = {isa = PBXBuildFile; fileRef = 4039CE1624820B5D004DA41F /* MemeThingLabel.swift */; };
		405279E524781E1A00942A7D /* AppDelegate.swift in Sources */ = {isa = PBXBuildFile; fileRef = 405279E424781E1A00942A7D /* AppDelegate.swift */; };
		405279E724781E1A00942A7D /* SceneDelegate.swift in Sources */ = {isa = PBXBuildFile; fileRef = 405279E624781E1A00942A7D /* SceneDelegate.swift */; };
		405279EC24781E1A00942A7D /* Main.storyboard in Resources */ = {isa = PBXBuildFile; fileRef = 405279EA24781E1A00942A7D /* Main.storyboard */; };
		405279EE24781E1C00942A7D /* Assets.xcassets in Resources */ = {isa = PBXBuildFile; fileRef = 405279ED24781E1C00942A7D /* Assets.xcassets */; };
		405279F124781E1C00942A7D /* LaunchScreen.storyboard in Resources */ = {isa = PBXBuildFile; fileRef = 405279EF24781E1C00942A7D /* LaunchScreen.storyboard */; };
		408A26E2247ED77D008CE8DC /* MainMenu.storyboard in Resources */ = {isa = PBXBuildFile; fileRef = 408A26E0247ED77D008CE8DC /* MainMenu.storyboard */; };
		40C2146C247EE0E7007B7630 /* LoginViewController.swift in Sources */ = {isa = PBXBuildFile; fileRef = 40C2146B247EE0E7007B7630 /* LoginViewController.swift */; };
		40C2146E247EE0F4007B7630 /* MainMenuViewController.swift in Sources */ = {isa = PBXBuildFile; fileRef = 40C2146D247EE0F4007B7630 /* MainMenuViewController.swift */; };
		40C21470247EE0FF007B7630 /* FriendsListTableViewController.swift in Sources */ = {isa = PBXBuildFile; fileRef = 40C2146F247EE0FF007B7630 /* FriendsListTableViewController.swift */; };
		40C21472247EE44D007B7630 /* UIViewControllerExtension.swift in Sources */ = {isa = PBXBuildFile; fileRef = 40C21471247EE44D007B7630 /* UIViewControllerExtension.swift */; };
		40C21474247EE939007B7630 /* User.swift in Sources */ = {isa = PBXBuildFile; fileRef = 40C21473247EE939007B7630 /* User.swift */; };
		40C21476247EE944007B7630 /* UserController.swift in Sources */ = {isa = PBXBuildFile; fileRef = 40C21475247EE944007B7630 /* UserController.swift */; };
		40C2147A247EE97D007B7630 /* CloudKit.framework in Frameworks */ = {isa = PBXBuildFile; fileRef = 40C21479247EE97D007B7630 /* CloudKit.framework */; };
		40C2147C247EEE9B007B7630 /* MemeThingError.swift in Sources */ = {isa = PBXBuildFile; fileRef = 40C2147B247EEE9B007B7630 /* MemeThingError.swift */; };
		40C2147E247EF1BE007B7630 /* CKService.swift in Sources */ = {isa = PBXBuildFile; fileRef = 40C2147D247EF1BE007B7630 /* CKService.swift */; };
		40C21481247F1434007B7630 /* ProfileTableViewController.swift in Sources */ = {isa = PBXBuildFile; fileRef = 40C21480247F1434007B7630 /* ProfileTableViewController.swift */; };
		40C2148324809A24007B7630 /* DrawingViewController.swift in Sources */ = {isa = PBXBuildFile; fileRef = 40C2148224809A24007B7630 /* DrawingViewController.swift */; };
		40C2148524809A35007B7630 /* CaptionViewController.swift in Sources */ = {isa = PBXBuildFile; fileRef = 40C2148424809A35007B7630 /* CaptionViewController.swift */; };
		40C2148724809A47007B7630 /* ResultsViewController.swift in Sources */ = {isa = PBXBuildFile; fileRef = 40C2148624809A47007B7630 /* ResultsViewController.swift */; };
		40C2148924809A57007B7630 /* WaitingViewController.swift in Sources */ = {isa = PBXBuildFile; fileRef = 40C2148824809A57007B7630 /* WaitingViewController.swift */; };
		40D003B724831B690046D64B /* Game.swift in Sources */ = {isa = PBXBuildFile; fileRef = 40D003B624831B690046D64B /* Game.swift */; };
		40D003B924831B700046D64B /* Caption.swift in Sources */ = {isa = PBXBuildFile; fileRef = 40D003B824831B700046D64B /* Caption.swift */; };
		40D003BB2483220B0046D64B /* GameController.swift in Sources */ = {isa = PBXBuildFile; fileRef = 40D003BA2483220B0046D64B /* GameController.swift */; };
/* End PBXBuildFile section */

/* Begin PBXFileReference section */
		4039CE032481DF5C004DA41F /* CanvasView.swift */ = {isa = PBXFileReference; lastKnownFileType = sourcecode.swift; path = CanvasView.swift; sourceTree = "<group>"; };
		4039CE052481E553004DA41F /* Meme.swift */ = {isa = PBXFileReference; lastKnownFileType = sourcecode.swift; name = Meme.swift; path = "MemeThing/Controllers/View Controllers/Meme.swift"; sourceTree = SOURCE_ROOT; };
		4039CE0B248205D4004DA41F /* StyleGuide.swift */ = {isa = PBXFileReference; lastKnownFileType = sourcecode.swift; path = StyleGuide.swift; sourceTree = SOURCE_ROOT; };
		4039CE122482067E004DA41F /* MemeThingButton.swift */ = {isa = PBXFileReference; lastKnownFileType = sourcecode.swift; path = MemeThingButton.swift; sourceTree = "<group>"; };
		4039CE1624820B5D004DA41F /* MemeThingLabel.swift */ = {isa = PBXFileReference; lastKnownFileType = sourcecode.swift; path = MemeThingLabel.swift; sourceTree = "<group>"; };
		405279E124781E1A00942A7D /* MemeThing.app */ = {isa = PBXFileReference; explicitFileType = wrapper.application; includeInIndex = 0; path = MemeThing.app; sourceTree = BUILT_PRODUCTS_DIR; };
		405279E424781E1A00942A7D /* AppDelegate.swift */ = {isa = PBXFileReference; lastKnownFileType = sourcecode.swift; path = AppDelegate.swift; sourceTree = "<group>"; };
		405279E624781E1A00942A7D /* SceneDelegate.swift */ = {isa = PBXFileReference; lastKnownFileType = sourcecode.swift; path = SceneDelegate.swift; sourceTree = "<group>"; };
		405279EB24781E1A00942A7D /* Base */ = {isa = PBXFileReference; lastKnownFileType = file.storyboard; name = Base; path = Base.lproj/Main.storyboard; sourceTree = "<group>"; };
		405279ED24781E1C00942A7D /* Assets.xcassets */ = {isa = PBXFileReference; lastKnownFileType = folder.assetcatalog; path = Assets.xcassets; sourceTree = "<group>"; };
		405279F024781E1C00942A7D /* Base */ = {isa = PBXFileReference; lastKnownFileType = file.storyboard; name = Base; path = Base.lproj/LaunchScreen.storyboard; sourceTree = "<group>"; };
		405279F224781E1C00942A7D /* Info.plist */ = {isa = PBXFileReference; lastKnownFileType = text.plist.xml; path = Info.plist; sourceTree = "<group>"; };
		408A26E1247ED77D008CE8DC /* Base */ = {isa = PBXFileReference; lastKnownFileType = file.storyboard; name = Base; path = MemeThing/Views/Base.lproj/MainMenu.storyboard; sourceTree = "<group>"; };
		40C2146B247EE0E7007B7630 /* LoginViewController.swift */ = {isa = PBXFileReference; lastKnownFileType = sourcecode.swift; path = LoginViewController.swift; sourceTree = "<group>"; };
		40C2146D247EE0F4007B7630 /* MainMenuViewController.swift */ = {isa = PBXFileReference; lastKnownFileType = sourcecode.swift; path = MainMenuViewController.swift; sourceTree = "<group>"; };
		40C2146F247EE0FF007B7630 /* FriendsListTableViewController.swift */ = {isa = PBXFileReference; lastKnownFileType = sourcecode.swift; path = FriendsListTableViewController.swift; sourceTree = "<group>"; };
		40C21471247EE44D007B7630 /* UIViewControllerExtension.swift */ = {isa = PBXFileReference; lastKnownFileType = sourcecode.swift; name = UIViewControllerExtension.swift; path = "MemeThing/Controllers/View Controllers/UIViewControllerExtension.swift"; sourceTree = SOURCE_ROOT; };
		40C21473247EE939007B7630 /* User.swift */ = {isa = PBXFileReference; lastKnownFileType = sourcecode.swift; name = User.swift; path = "MemeThing/Controllers/View Controllers/User.swift"; sourceTree = SOURCE_ROOT; };
		40C21475247EE944007B7630 /* UserController.swift */ = {isa = PBXFileReference; lastKnownFileType = sourcecode.swift; path = UserController.swift; sourceTree = "<group>"; };
		40C21477247EE97A007B7630 /* MemeThing.entitlements */ = {isa = PBXFileReference; lastKnownFileType = text.plist.entitlements; path = MemeThing.entitlements; sourceTree = "<group>"; };
		40C21479247EE97D007B7630 /* CloudKit.framework */ = {isa = PBXFileReference; lastKnownFileType = wrapper.framework; name = CloudKit.framework; path = System/Library/Frameworks/CloudKit.framework; sourceTree = SDKROOT; };
		40C2147B247EEE9B007B7630 /* MemeThingError.swift */ = {isa = PBXFileReference; lastKnownFileType = sourcecode.swift; name = MemeThingError.swift; path = "MemeThing/Controllers/Model Controllers/MemeThingError.swift"; sourceTree = SOURCE_ROOT; };
		40C2147D247EF1BE007B7630 /* CKService.swift */ = {isa = PBXFileReference; lastKnownFileType = sourcecode.swift; name = CKService.swift; path = "MemeThing/Controllers/Model Controllers/CKService.swift"; sourceTree = SOURCE_ROOT; };
		40C21480247F1434007B7630 /* ProfileTableViewController.swift */ = {isa = PBXFileReference; lastKnownFileType = sourcecode.swift; path = ProfileTableViewController.swift; sourceTree = "<group>"; };
		40C2148224809A24007B7630 /* DrawingViewController.swift */ = {isa = PBXFileReference; lastKnownFileType = sourcecode.swift; path = DrawingViewController.swift; sourceTree = "<group>"; };
		40C2148424809A35007B7630 /* CaptionViewController.swift */ = {isa = PBXFileReference; lastKnownFileType = sourcecode.swift; path = CaptionViewController.swift; sourceTree = "<group>"; };
		40C2148624809A47007B7630 /* ResultsViewController.swift */ = {isa = PBXFileReference; lastKnownFileType = sourcecode.swift; path = ResultsViewController.swift; sourceTree = "<group>"; };
		40C2148824809A57007B7630 /* WaitingViewController.swift */ = {isa = PBXFileReference; lastKnownFileType = sourcecode.swift; path = WaitingViewController.swift; sourceTree = "<group>"; };
		40D003B624831B690046D64B /* Game.swift */ = {isa = PBXFileReference; lastKnownFileType = sourcecode.swift; name = Game.swift; path = "MemeThing/Views/Custom Views/Custom Labels/Game.swift"; sourceTree = SOURCE_ROOT; };
		40D003B824831B700046D64B /* Caption.swift */ = {isa = PBXFileReference; lastKnownFileType = sourcecode.swift; name = Caption.swift; path = "MemeThing/Views/Custom Views/Custom Labels/Caption.swift"; sourceTree = SOURCE_ROOT; };
		40D003BA2483220B0046D64B /* GameController.swift */ = {isa = PBXFileReference; lastKnownFileType = sourcecode.swift; path = GameController.swift; sourceTree = "<group>"; };
/* End PBXFileReference section */

/* Begin PBXFrameworksBuildPhase section */
		405279DE24781E1A00942A7D /* Frameworks */ = {
			isa = PBXFrameworksBuildPhase;
			buildActionMask = 2147483647;
			files = (
				40C2147A247EE97D007B7630 /* CloudKit.framework in Frameworks */,
			);
			runOnlyForDeploymentPostprocessing = 0;
		};
/* End PBXFrameworksBuildPhase section */

/* Begin PBXGroup section */
		4039CE0F24820640004DA41F /* Custom Buttons */ = {
			isa = PBXGroup;
			children = (
				4039CE122482067E004DA41F /* MemeThingButton.swift */,
			);
			path = "Custom Buttons";
			sourceTree = "<group>";
		};
		4039CE1024820644004DA41F /* Custom Text Fields */ = {
			isa = PBXGroup;
			children = (
			);
			path = "Custom Text Fields";
			sourceTree = "<group>";
		};
		4039CE1124820652004DA41F /* Custom Labels */ = {
			isa = PBXGroup;
			children = (
				4039CE1624820B5D004DA41F /* MemeThingLabel.swift */,
			);
			path = "Custom Labels";
			sourceTree = "<group>";
		};
		405279D824781E1A00942A7D = {
			isa = PBXGroup;
			children = (
				405279E324781E1A00942A7D /* MemeThing */,
				405279E224781E1A00942A7D /* Products */,
				40C21478247EE97D007B7630 /* Frameworks */,
			);
			sourceTree = "<group>";
		};
		405279E224781E1A00942A7D /* Products */ = {
			isa = PBXGroup;
			children = (
				405279E124781E1A00942A7D /* MemeThing.app */,
			);
			name = Products;
			sourceTree = "<group>";
		};
		405279E324781E1A00942A7D /* MemeThing */ = {
			isa = PBXGroup;
			children = (
				40C21477247EE97A007B7630 /* MemeThing.entitlements */,
				40ACAB63247ECD27004516CF /* Models */,
				40ACAB62247ECD25004516CF /* Views */,
				40ACAB5F247ECD10004516CF /* Controllers */,
				40ACAB64247ECD2C004516CF /* Helpers */,
				40ACAB65247ECD3B004516CF /* Resources */,
			);
			path = MemeThing;
			sourceTree = "<group>";
		};
		40ACAB5F247ECD10004516CF /* Controllers */ = {
			isa = PBXGroup;
			children = (
				40ACAB61247ECD1E004516CF /* Model Controllers */,
				40C2146A247EE010007B7630 /* View Controllers */,
			);
			path = Controllers;
			sourceTree = "<group>";
		};
		40ACAB61247ECD1E004516CF /* Model Controllers */ = {
			isa = PBXGroup;
			children = (
				40C21475247EE944007B7630 /* UserController.swift */,
				40D003BA2483220B0046D64B /* GameController.swift */,
			);
			path = "Model Controllers";
			sourceTree = "<group>";
		};
		40ACAB62247ECD25004516CF /* Views */ = {
			isa = PBXGroup;
			children = (
				405279EA24781E1A00942A7D /* Main.storyboard */,
				408A26E0247ED77D008CE8DC /* MainMenu.storyboard */,
				40ACAB66247ECD61004516CF /* Custom Views */,
			);
			path = Views;
			sourceTree = "<group>";
		};
		40ACAB63247ECD27004516CF /* Models */ = {
			isa = PBXGroup;
			children = (
				40C21473247EE939007B7630 /* User.swift */,
				40D003B624831B690046D64B /* Game.swift */,
				4039CE052481E553004DA41F /* Meme.swift */,
				40D003B824831B700046D64B /* Caption.swift */,
			);
			path = Models;
			sourceTree = "<group>";
		};
		40ACAB64247ECD2C004516CF /* Helpers */ = {
			isa = PBXGroup;
			children = (
				40C21471247EE44D007B7630 /* UIViewControllerExtension.swift */,
				40C2147B247EEE9B007B7630 /* MemeThingError.swift */,
				40C2147D247EF1BE007B7630 /* CKService.swift */,
				4039CE0B248205D4004DA41F /* StyleGuide.swift */,
			);
			path = Helpers;
			sourceTree = "<group>";
		};
		40ACAB65247ECD3B004516CF /* Resources */ = {
			isa = PBXGroup;
			children = (
				405279E424781E1A00942A7D /* AppDelegate.swift */,
				405279E624781E1A00942A7D /* SceneDelegate.swift */,
				405279ED24781E1C00942A7D /* Assets.xcassets */,
				405279EF24781E1C00942A7D /* LaunchScreen.storyboard */,
				405279F224781E1C00942A7D /* Info.plist */,
			);
			path = Resources;
			sourceTree = "<group>";
		};
		40ACAB66247ECD61004516CF /* Custom Views */ = {
			isa = PBXGroup;
			children = (
				4039CE1124820652004DA41F /* Custom Labels */,
				4039CE1024820644004DA41F /* Custom Text Fields */,
				4039CE0F24820640004DA41F /* Custom Buttons */,
			);
			path = "Custom Views";
			sourceTree = "<group>";
		};
		40C2146A247EE010007B7630 /* View Controllers */ = {
			isa = PBXGroup;
			children = (
				40C2146B247EE0E7007B7630 /* LoginViewController.swift */,
				40C2146D247EE0F4007B7630 /* MainMenuViewController.swift */,
				40C2146F247EE0FF007B7630 /* FriendsListTableViewController.swift */,
				40C21480247F1434007B7630 /* ProfileTableViewController.swift */,
				4039CE032481DF5C004DA41F /* CanvasView.swift */,
				40C2148224809A24007B7630 /* DrawingViewController.swift */,
				40C2148424809A35007B7630 /* CaptionViewController.swift */,
				40C2148624809A47007B7630 /* ResultsViewController.swift */,
				40C2148824809A57007B7630 /* WaitingViewController.swift */,
			);
			path = "View Controllers";
			sourceTree = "<group>";
		};
		40C21478247EE97D007B7630 /* Frameworks */ = {
			isa = PBXGroup;
			children = (
				40C21479247EE97D007B7630 /* CloudKit.framework */,
			);
			name = Frameworks;
			sourceTree = "<group>";
		};
/* End PBXGroup section */

/* Begin PBXNativeTarget section */
		405279E024781E1A00942A7D /* MemeThing */ = {
			isa = PBXNativeTarget;
			buildConfigurationList = 405279F524781E1C00942A7D /* Build configuration list for PBXNativeTarget "MemeThing" */;
			buildPhases = (
				405279DD24781E1A00942A7D /* Sources */,
				405279DE24781E1A00942A7D /* Frameworks */,
				405279DF24781E1A00942A7D /* Resources */,
			);
			buildRules = (
			);
			dependencies = (
			);
			name = MemeThing;
			productName = MemeThing;
			productReference = 405279E124781E1A00942A7D /* MemeThing.app */;
			productType = "com.apple.product-type.application";
		};
/* End PBXNativeTarget section */

/* Begin PBXProject section */
		405279D924781E1A00942A7D /* Project object */ = {
			isa = PBXProject;
			attributes = {
				LastSwiftUpdateCheck = 1140;
				LastUpgradeCheck = 1140;
				ORGANIZATIONNAME = "Shannon Draeker";
				TargetAttributes = {
					405279E024781E1A00942A7D = {
						CreatedOnToolsVersion = 11.4.1;
					};
				};
			};
			buildConfigurationList = 405279DC24781E1A00942A7D /* Build configuration list for PBXProject "MemeThing" */;
			compatibilityVersion = "Xcode 9.3";
			developmentRegion = en;
			hasScannedForEncodings = 0;
			knownRegions = (
				en,
				Base,
			);
			mainGroup = 405279D824781E1A00942A7D;
			productRefGroup = 405279E224781E1A00942A7D /* Products */;
			projectDirPath = "";
			projectRoot = "";
			targets = (
				405279E024781E1A00942A7D /* MemeThing */,
			);
		};
/* End PBXProject section */

/* Begin PBXResourcesBuildPhase section */
		405279DF24781E1A00942A7D /* Resources */ = {
			isa = PBXResourcesBuildPhase;
			buildActionMask = 2147483647;
			files = (
				408A26E2247ED77D008CE8DC /* MainMenu.storyboard in Resources */,
				405279F124781E1C00942A7D /* LaunchScreen.storyboard in Resources */,
				405279EE24781E1C00942A7D /* Assets.xcassets in Resources */,
				405279EC24781E1A00942A7D /* Main.storyboard in Resources */,
			);
			runOnlyForDeploymentPostprocessing = 0;
		};
/* End PBXResourcesBuildPhase section */

/* Begin PBXSourcesBuildPhase section */
		405279DD24781E1A00942A7D /* Sources */ = {
			isa = PBXSourcesBuildPhase;
			buildActionMask = 2147483647;
			files = (
				40C2146E247EE0F4007B7630 /* MainMenuViewController.swift in Sources */,
				40C2148324809A24007B7630 /* DrawingViewController.swift in Sources */,
				4039CE062481E553004DA41F /* Meme.swift in Sources */,
				4039CE042481DF5C004DA41F /* CanvasView.swift in Sources */,
				40C2146C247EE0E7007B7630 /* LoginViewController.swift in Sources */,
				40C2148724809A47007B7630 /* ResultsViewController.swift in Sources */,
				40C2148524809A35007B7630 /* CaptionViewController.swift in Sources */,
				4039CE0C248205D4004DA41F /* StyleGuide.swift in Sources */,
				40C2148924809A57007B7630 /* WaitingViewController.swift in Sources */,
				40C21476247EE944007B7630 /* UserController.swift in Sources */,
				4039CE1724820B5D004DA41F /* MemeThingLabel.swift in Sources */,
				40D003B924831B700046D64B /* Caption.swift in Sources */,
				40D003BB2483220B0046D64B /* GameController.swift in Sources */,
				40C2147C247EEE9B007B7630 /* MemeThingError.swift in Sources */,
				40C21472247EE44D007B7630 /* UIViewControllerExtension.swift in Sources */,
				40C21470247EE0FF007B7630 /* FriendsListTableViewController.swift in Sources */,
				4039CE132482067E004DA41F /* MemeThingButton.swift in Sources */,
				405279E524781E1A00942A7D /* AppDelegate.swift in Sources */,
				40D003B724831B690046D64B /* Game.swift in Sources */,
				40C2147E247EF1BE007B7630 /* CKService.swift in Sources */,
				405279E724781E1A00942A7D /* SceneDelegate.swift in Sources */,
				40C21481247F1434007B7630 /* ProfileTableViewController.swift in Sources */,
				40C21474247EE939007B7630 /* User.swift in Sources */,
			);
			runOnlyForDeploymentPostprocessing = 0;
		};
/* End PBXSourcesBuildPhase section */

/* Begin PBXVariantGroup section */
		405279EA24781E1A00942A7D /* Main.storyboard */ = {
			isa = PBXVariantGroup;
			children = (
				405279EB24781E1A00942A7D /* Base */,
			);
			name = Main.storyboard;
			sourceTree = "<group>";
		};
		405279EF24781E1C00942A7D /* LaunchScreen.storyboard */ = {
			isa = PBXVariantGroup;
			children = (
				405279F024781E1C00942A7D /* Base */,
			);
			name = LaunchScreen.storyboard;
			sourceTree = "<group>";
		};
		408A26E0247ED77D008CE8DC /* MainMenu.storyboard */ = {
			isa = PBXVariantGroup;
			children = (
				408A26E1247ED77D008CE8DC /* Base */,
			);
			name = MainMenu.storyboard;
			sourceTree = "<group>";
		};
/* End PBXVariantGroup section */

/* Begin XCBuildConfiguration section */
		405279F324781E1C00942A7D /* Debug */ = {
			isa = XCBuildConfiguration;
			buildSettings = {
				ALWAYS_SEARCH_USER_PATHS = NO;
				CLANG_ANALYZER_NONNULL = YES;
				CLANG_ANALYZER_NUMBER_OBJECT_CONVERSION = YES_AGGRESSIVE;
				CLANG_CXX_LANGUAGE_STANDARD = "gnu++14";
				CLANG_CXX_LIBRARY = "libc++";
				CLANG_ENABLE_MODULES = YES;
				CLANG_ENABLE_OBJC_ARC = YES;
				CLANG_ENABLE_OBJC_WEAK = YES;
				CLANG_WARN_BLOCK_CAPTURE_AUTORELEASING = YES;
				CLANG_WARN_BOOL_CONVERSION = YES;
				CLANG_WARN_COMMA = YES;
				CLANG_WARN_CONSTANT_CONVERSION = YES;
				CLANG_WARN_DEPRECATED_OBJC_IMPLEMENTATIONS = YES;
				CLANG_WARN_DIRECT_OBJC_ISA_USAGE = YES_ERROR;
				CLANG_WARN_DOCUMENTATION_COMMENTS = YES;
				CLANG_WARN_EMPTY_BODY = YES;
				CLANG_WARN_ENUM_CONVERSION = YES;
				CLANG_WARN_INFINITE_RECURSION = YES;
				CLANG_WARN_INT_CONVERSION = YES;
				CLANG_WARN_NON_LITERAL_NULL_CONVERSION = YES;
				CLANG_WARN_OBJC_IMPLICIT_RETAIN_SELF = YES;
				CLANG_WARN_OBJC_LITERAL_CONVERSION = YES;
				CLANG_WARN_OBJC_ROOT_CLASS = YES_ERROR;
				CLANG_WARN_RANGE_LOOP_ANALYSIS = YES;
				CLANG_WARN_STRICT_PROTOTYPES = YES;
				CLANG_WARN_SUSPICIOUS_MOVE = YES;
				CLANG_WARN_UNGUARDED_AVAILABILITY = YES_AGGRESSIVE;
				CLANG_WARN_UNREACHABLE_CODE = YES;
				CLANG_WARN__DUPLICATE_METHOD_MATCH = YES;
				COPY_PHASE_STRIP = NO;
				DEBUG_INFORMATION_FORMAT = dwarf;
				ENABLE_STRICT_OBJC_MSGSEND = YES;
				ENABLE_TESTABILITY = YES;
				GCC_C_LANGUAGE_STANDARD = gnu11;
				GCC_DYNAMIC_NO_PIC = NO;
				GCC_NO_COMMON_BLOCKS = YES;
				GCC_OPTIMIZATION_LEVEL = 0;
				GCC_PREPROCESSOR_DEFINITIONS = (
					"DEBUG=1",
					"$(inherited)",
				);
				GCC_WARN_64_TO_32_BIT_CONVERSION = YES;
				GCC_WARN_ABOUT_RETURN_TYPE = YES_ERROR;
				GCC_WARN_UNDECLARED_SELECTOR = YES;
				GCC_WARN_UNINITIALIZED_AUTOS = YES_AGGRESSIVE;
				GCC_WARN_UNUSED_FUNCTION = YES;
				GCC_WARN_UNUSED_VARIABLE = YES;
				IPHONEOS_DEPLOYMENT_TARGET = 13.4;
				MTL_ENABLE_DEBUG_INFO = INCLUDE_SOURCE;
				MTL_FAST_MATH = YES;
				ONLY_ACTIVE_ARCH = YES;
				SDKROOT = iphoneos;
				SWIFT_ACTIVE_COMPILATION_CONDITIONS = DEBUG;
				SWIFT_OPTIMIZATION_LEVEL = "-Onone";
			};
			name = Debug;
		};
		405279F424781E1C00942A7D /* Release */ = {
			isa = XCBuildConfiguration;
			buildSettings = {
				ALWAYS_SEARCH_USER_PATHS = NO;
				CLANG_ANALYZER_NONNULL = YES;
				CLANG_ANALYZER_NUMBER_OBJECT_CONVERSION = YES_AGGRESSIVE;
				CLANG_CXX_LANGUAGE_STANDARD = "gnu++14";
				CLANG_CXX_LIBRARY = "libc++";
				CLANG_ENABLE_MODULES = YES;
				CLANG_ENABLE_OBJC_ARC = YES;
				CLANG_ENABLE_OBJC_WEAK = YES;
				CLANG_WARN_BLOCK_CAPTURE_AUTORELEASING = YES;
				CLANG_WARN_BOOL_CONVERSION = YES;
				CLANG_WARN_COMMA = YES;
				CLANG_WARN_CONSTANT_CONVERSION = YES;
				CLANG_WARN_DEPRECATED_OBJC_IMPLEMENTATIONS = YES;
				CLANG_WARN_DIRECT_OBJC_ISA_USAGE = YES_ERROR;
				CLANG_WARN_DOCUMENTATION_COMMENTS = YES;
				CLANG_WARN_EMPTY_BODY = YES;
				CLANG_WARN_ENUM_CONVERSION = YES;
				CLANG_WARN_INFINITE_RECURSION = YES;
				CLANG_WARN_INT_CONVERSION = YES;
				CLANG_WARN_NON_LITERAL_NULL_CONVERSION = YES;
				CLANG_WARN_OBJC_IMPLICIT_RETAIN_SELF = YES;
				CLANG_WARN_OBJC_LITERAL_CONVERSION = YES;
				CLANG_WARN_OBJC_ROOT_CLASS = YES_ERROR;
				CLANG_WARN_RANGE_LOOP_ANALYSIS = YES;
				CLANG_WARN_STRICT_PROTOTYPES = YES;
				CLANG_WARN_SUSPICIOUS_MOVE = YES;
				CLANG_WARN_UNGUARDED_AVAILABILITY = YES_AGGRESSIVE;
				CLANG_WARN_UNREACHABLE_CODE = YES;
				CLANG_WARN__DUPLICATE_METHOD_MATCH = YES;
				COPY_PHASE_STRIP = NO;
				DEBUG_INFORMATION_FORMAT = "dwarf-with-dsym";
				ENABLE_NS_ASSERTIONS = NO;
				ENABLE_STRICT_OBJC_MSGSEND = YES;
				GCC_C_LANGUAGE_STANDARD = gnu11;
				GCC_NO_COMMON_BLOCKS = YES;
				GCC_WARN_64_TO_32_BIT_CONVERSION = YES;
				GCC_WARN_ABOUT_RETURN_TYPE = YES_ERROR;
				GCC_WARN_UNDECLARED_SELECTOR = YES;
				GCC_WARN_UNINITIALIZED_AUTOS = YES_AGGRESSIVE;
				GCC_WARN_UNUSED_FUNCTION = YES;
				GCC_WARN_UNUSED_VARIABLE = YES;
				IPHONEOS_DEPLOYMENT_TARGET = 13.4;
				MTL_ENABLE_DEBUG_INFO = NO;
				MTL_FAST_MATH = YES;
				SDKROOT = iphoneos;
				SWIFT_COMPILATION_MODE = wholemodule;
				SWIFT_OPTIMIZATION_LEVEL = "-O";
				VALIDATE_PRODUCT = YES;
			};
			name = Release;
		};
		405279F624781E1C00942A7D /* Debug */ = {
			isa = XCBuildConfiguration;
			buildSettings = {
				ASSETCATALOG_COMPILER_APPICON_NAME = AppIcon;
				CODE_SIGN_ENTITLEMENTS = MemeThing/MemeThing.entitlements;
				CODE_SIGN_STYLE = Automatic;
				DEVELOPMENT_TEAM = HT2WKYL4R9;
				INFOPLIST_FILE = MemeThing/Resources/Info.plist;
				LD_RUNPATH_SEARCH_PATHS = (
					"$(inherited)",
					"@executable_path/Frameworks",
				);
				PRODUCT_BUNDLE_IDENTIFIER = com.shannon.MemeThing;
				PRODUCT_NAME = "$(TARGET_NAME)";
				SWIFT_VERSION = 5.0;
				TARGETED_DEVICE_FAMILY = "1,2";
			};
			name = Debug;
		};
		405279F724781E1C00942A7D /* Release */ = {
			isa = XCBuildConfiguration;
			buildSettings = {
				ASSETCATALOG_COMPILER_APPICON_NAME = AppIcon;
				CODE_SIGN_ENTITLEMENTS = MemeThing/MemeThing.entitlements;
				CODE_SIGN_STYLE = Automatic;
				DEVELOPMENT_TEAM = HT2WKYL4R9;
				INFOPLIST_FILE = MemeThing/Resources/Info.plist;
				LD_RUNPATH_SEARCH_PATHS = (
					"$(inherited)",
					"@executable_path/Frameworks",
				);
				PRODUCT_BUNDLE_IDENTIFIER = com.shannon.MemeThing;
				PRODUCT_NAME = "$(TARGET_NAME)";
				SWIFT_VERSION = 5.0;
				TARGETED_DEVICE_FAMILY = "1,2";
			};
			name = Release;
		};
/* End XCBuildConfiguration section */

/* Begin XCConfigurationList section */
		405279DC24781E1A00942A7D /* Build configuration list for PBXProject "MemeThing" */ = {
			isa = XCConfigurationList;
			buildConfigurations = (
				405279F324781E1C00942A7D /* Debug */,
				405279F424781E1C00942A7D /* Release */,
			);
			defaultConfigurationIsVisible = 0;
			defaultConfigurationName = Release;
		};
		405279F524781E1C00942A7D /* Build configuration list for PBXNativeTarget "MemeThing" */ = {
			isa = XCConfigurationList;
			buildConfigurations = (
				405279F624781E1C00942A7D /* Debug */,
				405279F724781E1C00942A7D /* Release */,
			);
			defaultConfigurationIsVisible = 0;
			defaultConfigurationName = Release;
		};
/* End XCConfigurationList section */
	};
	rootObject = 405279D924781E1A00942A7D /* Project object */;
}
